
Microsoft Visual Studio Solution File, Format Version 12.00
# Visual Studio Version 17
VisualStudioVersion = 17.8.34330.188
MinimumVisualStudioVersion = 10.0.40219.1
Project("{FAE04EC0-301F-11D3-BF4B-00C04F79EFBC}") = "Algorithms", "Algoritms\Algorithms.csproj", "{C266E330-98F7-416A-A12E-F04F2EE1BA2A}"
EndProject
Global
	GlobalSection(SolutionConfigurationPlatforms) = preSolution
		Debug|Any CPU = Debug|Any CPU
		Release|Any CPU = Release|Any CPU
	EndGlobalSection
	GlobalSection(ProjectConfigurationPlatforms) = postSolution
		{C266E330-98F7-416A-A12E-F04F2EE1BA2A}.Debug|Any CPU.ActiveCfg = Debug|Any CPU
		{C266E330-98F7-416A-A12E-F04F2EE1BA2A}.Debug|Any CPU.Build.0 = Debug|Any CPU
		{C266E330-98F7-416A-A12E-F04F2EE1BA2A}.Release|Any CPU.ActiveCfg = Release|Any CPU
		{C266E330-98F7-416A-A12E-F04F2EE1BA2A}.Release|Any CPU.Build.0 = Release|Any CPU
	EndGlobalSection
	GlobalSection(SolutionProperties) = preSolution
		HideSolutionNode = FALSE
	EndGlobalSection
	GlobalSection(ExtensibilityGlobals) = postSolution
		SolutionGuid = {D8B6323E-0EE6-411C-8143-5E455D16CAF0}
	EndGlobalSection
EndGlobal
